
Microsoft Visual Studio Solution File, Format Version 12.00
# Visual Studio 15
Project("{FAE04EC0-301F-11D3-BF4B-00C04F79EFBC}") = "SuperTiled2UnityEditor", "SuperTiled2UnityEditor.csproj", "{BD0B940D-B461-FAE7-9242-382AA9547D62}"
EndProject
Project("{FAE04EC0-301F-11D3-BF4B-00C04F79EFBC}") = "Assembly-CSharp", "Assembly-CSharp.csproj", "{77D9CA8C-7805-D54F-6229-2D973864CACE}"
EndProject
Project("{FAE04EC0-301F-11D3-BF4B-00C04F79EFBC}") = "SuperTiled2Unity", "SuperTiled2Unity.csproj", "{46A2A973-2049-4882-FA5A-75577657F542}"
EndProject
Global
	GlobalSection(SolutionConfigurationPlatforms) = preSolution
		Debug|Any CPU = Debug|Any CPU
		Release|Any CPU = Release|Any CPU
	EndGlobalSection
	GlobalSection(ProjectConfigurationPlatforms) = postSolution
		{BD0B940D-B461-FAE7-9242-382AA9547D62}.Debug|Any CPU.ActiveCfg = Debug|Any CPU
		{BD0B940D-B461-FAE7-9242-382AA9547D62}.Debug|Any CPU.Build.0 = Debug|Any CPU
		{BD0B940D-B461-FAE7-9242-382AA9547D62}.Release|Any CPU.ActiveCfg = Release|Any CPU
		{BD0B940D-B461-FAE7-9242-382AA9547D62}.Release|Any CPU.Build.0 = Release|Any CPU
		{77D9CA8C-7805-D54F-6229-2D973864CACE}.Debug|Any CPU.ActiveCfg = Debug|Any CPU
		{77D9CA8C-7805-D54F-6229-2D973864CACE}.Debug|Any CPU.Build.0 = Debug|Any CPU
		{77D9CA8C-7805-D54F-6229-2D973864CACE}.Release|Any CPU.ActiveCfg = Release|Any CPU
		{77D9CA8C-7805-D54F-6229-2D973864CACE}.Release|Any CPU.Build.0 = Release|Any CPU
		{46A2A973-2049-4882-FA5A-75577657F542}.Debug|Any CPU.ActiveCfg = Debug|Any CPU
		{46A2A973-2049-4882-FA5A-75577657F542}.Debug|Any CPU.Build.0 = Debug|Any CPU
		{46A2A973-2049-4882-FA5A-75577657F542}.Release|Any CPU.ActiveCfg = Release|Any CPU
		{46A2A973-2049-4882-FA5A-75577657F542}.Release|Any CPU.Build.0 = Release|Any CPU
	EndGlobalSection
	GlobalSection(SolutionProperties) = preSolution
		HideSolutionNode = FALSE
	EndGlobalSection
EndGlobal
