
Microsoft Visual Studio Solution File, Format Version 12.00
# Visual Studio 15
Project("{FAE04EC0-301F-11D3-BF4B-00C04F79EFBC}") = "Assembly-CSharp", "Assembly-CSharp.csproj", "{77D9CA8C-7805-D54F-6229-2D973864CACE}"
EndProject
Project("{FAE04EC0-301F-11D3-BF4B-00C04F79EFBC}") = "Assembly-CSharp-Editor", "Assembly-CSharp-Editor.csproj", "{BEBCE0DC-51A7-4E99-47B1-5AED6F713130}"
EndProject
Project("{FAE04EC0-301F-11D3-BF4B-00C04F79EFBC}") = "ALP8310_ControllerGlobal", "ALP8310_ControllerGlobal.csproj", "{A43B6BF8-5140-DCF1-AB6A-3FCDFE1D0969}"
EndProject
Project("{FAE04EC0-301F-11D3-BF4B-00C04F79EFBC}") = "ALP8310_ControllerGlobal.Editor", "ALP8310_ControllerGlobal.Editor.csproj", "{1E28A3AD-5BAC-5456-D3CA-B2667928A71E}"
EndProject
Global
	GlobalSection(SolutionConfigurationPlatforms) = preSolution
		Debug|Any CPU = Debug|Any CPU
		Release|Any CPU = Release|Any CPU
	EndGlobalSection
	GlobalSection(ProjectConfigurationPlatforms) = postSolution
		{77D9CA8C-7805-D54F-6229-2D973864CACE}.Debug|Any CPU.ActiveCfg = Debug|Any CPU
		{77D9CA8C-7805-D54F-6229-2D973864CACE}.Debug|Any CPU.Build.0 = Debug|Any CPU
		{77D9CA8C-7805-D54F-6229-2D973864CACE}.Release|Any CPU.ActiveCfg = Release|Any CPU
		{77D9CA8C-7805-D54F-6229-2D973864CACE}.Release|Any CPU.Build.0 = Release|Any CPU
		{BEBCE0DC-51A7-4E99-47B1-5AED6F713130}.Debug|Any CPU.ActiveCfg = Debug|Any CPU
		{BEBCE0DC-51A7-4E99-47B1-5AED6F713130}.Debug|Any CPU.Build.0 = Debug|Any CPU
		{BEBCE0DC-51A7-4E99-47B1-5AED6F713130}.Release|Any CPU.ActiveCfg = Release|Any CPU
		{BEBCE0DC-51A7-4E99-47B1-5AED6F713130}.Release|Any CPU.Build.0 = Release|Any CPU
		{A43B6BF8-5140-DCF1-AB6A-3FCDFE1D0969}.Debug|Any CPU.ActiveCfg = Debug|Any CPU
		{A43B6BF8-5140-DCF1-AB6A-3FCDFE1D0969}.Debug|Any CPU.Build.0 = Debug|Any CPU
		{A43B6BF8-5140-DCF1-AB6A-3FCDFE1D0969}.Release|Any CPU.ActiveCfg = Release|Any CPU
		{A43B6BF8-5140-DCF1-AB6A-3FCDFE1D0969}.Release|Any CPU.Build.0 = Release|Any CPU
		{1E28A3AD-5BAC-5456-D3CA-B2667928A71E}.Debug|Any CPU.ActiveCfg = Debug|Any CPU
		{1E28A3AD-5BAC-5456-D3CA-B2667928A71E}.Debug|Any CPU.Build.0 = Debug|Any CPU
		{1E28A3AD-5BAC-5456-D3CA-B2667928A71E}.Release|Any CPU.ActiveCfg = Release|Any CPU
		{1E28A3AD-5BAC-5456-D3CA-B2667928A71E}.Release|Any CPU.Build.0 = Release|Any CPU
	EndGlobalSection
	GlobalSection(SolutionProperties) = preSolution
		HideSolutionNode = FALSE
	EndGlobalSection
EndGlobal
